{
  "name": "blacklight-range-limit",
  "version": "8.3.0",
  "lockfileVersion": 3,
  "requires": true,
  "packages": {
    "": {
      "name": "blacklight-range-limit",
      "version": "8.3.0",
      "license": "Apache-2.0",
      "dependencies": {
        "rollup": "^4.9.6",
        "rollup-plugin-includepaths": "^0.2.4"
      },
      "devDependencies": {}
    },
    "node_modules/@rollup/rollup-darwin-x64": {
      "version": "4.9.6",
      "cpu": [
        "x64"
      ],
      "license": "MIT",
      "optional": true,
      "os": [
        "darwin"
      ]
    },
    "node_modules/@types/estree": {
      "version": "1.0.5",
      "license": "MIT"
    },
    "node_modules/fsevents": {
      "version": "2.3.3",
      "license": "MIT",
      "optional": true,
      "os": [
        "darwin"
      ],
      "engines": {
        "node": "^8.16.0 || ^10.6.0 || >=11.0.0"
      }
    },
    "node_modules/rollup": {
      "version": "4.9.6",
      "license": "MIT",
      "dependencies": {
        "@types/estree": "1.0.5"
      },
      "bin": {
        "rollup": "dist/bin/rollup"
      },
      "engines": {
        "node": ">=18.0.0",
        "npm": ">=8.0.0"
      },
      "optionalDependencies": {
        "@rollup/rollup-android-arm-eabi": "4.9.6",
        "@rollup/rollup-android-arm64": "4.9.6",
        "@rollup/rollup-darwin-arm64": "4.9.6",
        "@rollup/rollup-darwin-x64": "4.9.6",
        "@rollup/rollup-linux-arm-gnueabihf": "4.9.6",
        "@rollup/rollup-linux-arm64-gnu": "4.9.6",
        "@rollup/rollup-linux-arm64-musl": "4.9.6",
        "@rollup/rollup-linux-riscv64-gnu": "4.9.6",
        "@rollup/rollup-linux-x64-gnu": "4.9.6",
        "@rollup/rollup-linux-x64-musl": "4.9.6",
        "@rollup/rollup-win32-arm64-msvc": "4.9.6",
        "@rollup/rollup-win32-ia32-msvc": "4.9.6",
        "@rollup/rollup-win32-x64-msvc": "4.9.6",
        "fsevents": "~2.3.2"
      }
    },
    "node_modules/rollup-plugin-includepaths": {
      "version": "0.2.4",
      "resolved": "https://registry.npmjs.org/rollup-plugin-includepaths/-/rollup-plugin-includepaths-0.2.4.tgz",
      "integrity": "sha512-iZen+XKVExeCzk7jeSZPJKL7B67slZNr8GXSC5ROBXtDGXDBH8wdjMfdNW5hf9kPt+tHyIvWh3wlE9bPrZL24g=="
    }
  }
}
